
Microsoft Visual Studio Solution File, Format Version 12.00
# Visual Studio 15
VisualStudioVersion = 15.0.27130.2026
MinimumVisualStudioVersion = 10.0.40219.1
Project("{FAE04EC0-301F-11D3-BF4B-00C04F79EFBC}") = "STracker", "STracker\STracker.csproj", "{5BD2A743-CCB5-4AED-BBA6-B32F2E17A96F}"
EndProject
Project("{00D1A9C2-B5F0-4AF3-8072-F6C62B433612}") = "StrackerDB", "StrackerDB\StrackerDB.sqlproj", "{B498A222-D8CA-4B51-9628-6065E248A695}"
EndProject
Global
	GlobalSection(SolutionConfigurationPlatforms) = preSolution
		Debug|Any CPU = Debug|Any CPU
		Release|Any CPU = Release|Any CPU
	EndGlobalSection
	GlobalSection(ProjectConfigurationPlatforms) = postSolution
		{5BD2A743-CCB5-4AED-BBA6-B32F2E17A96F}.Debug|Any CPU.ActiveCfg = Debug|Any CPU
		{5BD2A743-CCB5-4AED-BBA6-B32F2E17A96F}.Debug|Any CPU.Build.0 = Debug|Any CPU
		{5BD2A743-CCB5-4AED-BBA6-B32F2E17A96F}.Release|Any CPU.ActiveCfg = Release|Any CPU
		{5BD2A743-CCB5-4AED-BBA6-B32F2E17A96F}.Release|Any CPU.Build.0 = Release|Any CPU
		{B498A222-D8CA-4B51-9628-6065E248A695}.Debug|Any CPU.ActiveCfg = Debug|Any CPU
		{B498A222-D8CA-4B51-9628-6065E248A695}.Debug|Any CPU.Build.0 = Debug|Any CPU
		{B498A222-D8CA-4B51-9628-6065E248A695}.Debug|Any CPU.Deploy.0 = Debug|Any CPU
		{B498A222-D8CA-4B51-9628-6065E248A695}.Release|Any CPU.ActiveCfg = Release|Any CPU
		{B498A222-D8CA-4B51-9628-6065E248A695}.Release|Any CPU.Build.0 = Release|Any CPU
		{B498A222-D8CA-4B51-9628-6065E248A695}.Release|Any CPU.Deploy.0 = Release|Any CPU
	EndGlobalSection
	GlobalSection(SolutionProperties) = preSolution
		HideSolutionNode = FALSE
	EndGlobalSection
	GlobalSection(ExtensibilityGlobals) = postSolution
		SolutionGuid = {434BCB1C-C928-4945-8158-CB8805FCC879}
	EndGlobalSection
EndGlobal
